
Microsoft Visual Studio Solution File, Format Version 12.00
# Visual Studio 14
VisualStudioVersion = 14.0.25420.1
MinimumVisualStudioVersion = 10.0.40219.1
Project("{FAE04EC0-301F-11D3-BF4B-00C04F79EFBC}") = "BiztalkEnchereSchemas", "BiztalkEnchereSchemas\BiztalkEnchereSchemas.btproj", "{800413D8-E938-4475-A6EF-3AE8E7C3BF62}"
EndProject
Project("{FAE04EC0-301F-11D3-BF4B-00C04F79EFBC}") = "BiztalkEnchereOrchestration", "BiztalkEnchereOrchestration\BiztalkEnchereOrchestration.btproj", "{EC6952E1-F188-41A0-A254-DD7B31C163DB}"
EndProject
Global
	GlobalSection(SolutionConfigurationPlatforms) = preSolution
		Debug|Any CPU = Debug|Any CPU
		Release|Any CPU = Release|Any CPU
	EndGlobalSection
	GlobalSection(ProjectConfigurationPlatforms) = postSolution
		{800413D8-E938-4475-A6EF-3AE8E7C3BF62}.Debug|Any CPU.ActiveCfg = Debug|Any CPU
		{800413D8-E938-4475-A6EF-3AE8E7C3BF62}.Debug|Any CPU.Build.0 = Debug|Any CPU
		{800413D8-E938-4475-A6EF-3AE8E7C3BF62}.Debug|Any CPU.Deploy.0 = Debug|Any CPU
		{800413D8-E938-4475-A6EF-3AE8E7C3BF62}.Release|Any CPU.ActiveCfg = Release|Any CPU
		{800413D8-E938-4475-A6EF-3AE8E7C3BF62}.Release|Any CPU.Build.0 = Release|Any CPU
		{800413D8-E938-4475-A6EF-3AE8E7C3BF62}.Release|Any CPU.Deploy.0 = Release|Any CPU
		{EC6952E1-F188-41A0-A254-DD7B31C163DB}.Debug|Any CPU.ActiveCfg = Debug|Any CPU
		{EC6952E1-F188-41A0-A254-DD7B31C163DB}.Debug|Any CPU.Build.0 = Debug|Any CPU
		{EC6952E1-F188-41A0-A254-DD7B31C163DB}.Debug|Any CPU.Deploy.0 = Debug|Any CPU
		{EC6952E1-F188-41A0-A254-DD7B31C163DB}.Release|Any CPU.ActiveCfg = Release|Any CPU
		{EC6952E1-F188-41A0-A254-DD7B31C163DB}.Release|Any CPU.Build.0 = Release|Any CPU
		{EC6952E1-F188-41A0-A254-DD7B31C163DB}.Release|Any CPU.Deploy.0 = Release|Any CPU
	EndGlobalSection
	GlobalSection(SolutionProperties) = preSolution
		HideSolutionNode = FALSE
	EndGlobalSection
EndGlobal
